// !$*UTF8*$!
{
	archiveVersion = 1;
	classes = {
	};
	objectVersion = 56;
	objects = {

/* Begin PBXBuildFile section */
		F57352DB2B0D65EC0075DB60 /* Bambuser_TestApp.swift in Sources */ = {isa = PBXBuildFile; fileRef = F57352DA2B0D65EC0075DB60 /* Bambuser_TestApp.swift */; };
		F57352DD2B0D65EC0075DB60 /* CountryListView.swift in Sources */ = {isa = PBXBuildFile; fileRef = F57352DC2B0D65EC0075DB60 /* CountryListView.swift */; };
		F57352DF2B0D65EE0075DB60 /* Assets.xcassets in Resources */ = {isa = PBXBuildFile; fileRef = F57352DE2B0D65EE0075DB60 /* Assets.xcassets */; };
		F57352E22B0D65EE0075DB60 /* Preview Assets.xcassets in Resources */ = {isa = PBXBuildFile; fileRef = F57352E12B0D65EE0075DB60 /* Preview Assets.xcassets */; };
		F57352EC2B0D65EE0075DB60 /* CountryDetailViewModelTests.swift in Sources */ = {isa = PBXBuildFile; fileRef = F57352EB2B0D65EE0075DB60 /* CountryDetailViewModelTests.swift */; };
		F57352F62B0D65EE0075DB60 /* Bambuser_TestUITests.swift in Sources */ = {isa = PBXBuildFile; fileRef = F57352F52B0D65EE0075DB60 /* Bambuser_TestUITests.swift */; };
		F57352F82B0D65EE0075DB60 /* Bambuser_TestUITestsLaunchTests.swift in Sources */ = {isa = PBXBuildFile; fileRef = F57352F72B0D65EE0075DB60 /* Bambuser_TestUITestsLaunchTests.swift */; };
		F57353082B0D6E450075DB60 /* Endpoint.swift in Sources */ = {isa = PBXBuildFile; fileRef = F57353072B0D6E450075DB60 /* Endpoint.swift */; };
		F573530C2B0D6E530075DB60 /* Country.swift in Sources */ = {isa = PBXBuildFile; fileRef = F573530B2B0D6E530075DB60 /* Country.swift */; };
		F573530E2B0D6E5D0075DB60 /* GetCountriesRequest.swift in Sources */ = {isa = PBXBuildFile; fileRef = F573530D2B0D6E5D0075DB60 /* GetCountriesRequest.swift */; };
		F57353102B0D6E600075DB60 /* HTTPMethod.swift in Sources */ = {isa = PBXBuildFile; fileRef = F573530F2B0D6E600075DB60 /* HTTPMethod.swift */; };
		F57353122B0D6E630075DB60 /* NetworkService.swift in Sources */ = {isa = PBXBuildFile; fileRef = F57353112B0D6E630075DB60 /* NetworkService.swift */; };
		F57353142B0D6E670075DB60 /* RequestProtocol.swift in Sources */ = {isa = PBXBuildFile; fileRef = F57353132B0D6E670075DB60 /* RequestProtocol.swift */; };
		F57353162B0D6E750075DB60 /* Schemes.swift in Sources */ = {isa = PBXBuildFile; fileRef = F57353152B0D6E750075DB60 /* Schemes.swift */; };
		F57353182B0EC2380075DB60 /* CountryDetailView.swift in Sources */ = {isa = PBXBuildFile; fileRef = F57353172B0EC2380075DB60 /* CountryDetailView.swift */; };
		F573531A2B0EC29A0075DB60 /* AsyncContentView.swift in Sources */ = {isa = PBXBuildFile; fileRef = F57353192B0EC29A0075DB60 /* AsyncContentView.swift */; };
		F573531C2B0EC2D60075DB60 /* SortOptionView.swift in Sources */ = {isa = PBXBuildFile; fileRef = F573531B2B0EC2D60075DB60 /* SortOptionView.swift */; };
		F573531E2B0ECA210075DB60 /* CountryDetails.swift in Sources */ = {isa = PBXBuildFile; fileRef = F573531D2B0ECA210075DB60 /* CountryDetails.swift */; };
		F57353222B0F27670075DB60 /* URLFactory.swift in Sources */ = {isa = PBXBuildFile; fileRef = F57353212B0F27670075DB60 /* URLFactory.swift */; };
		F57353252B0F33900075DB60 /* ColorSchemeProxy.swift in Sources */ = {isa = PBXBuildFile; fileRef = F57353242B0F33900075DB60 /* ColorSchemeProxy.swift */; };
		F573532B2B0F608A0075DB60 /* CountryListViewModel.swift in Sources */ = {isa = PBXBuildFile; fileRef = F573532A2B0F608A0075DB60 /* CountryListViewModel.swift */; };
		F573532D2B0F61470075DB60 /* CountryDetailViewModel.swift in Sources */ = {isa = PBXBuildFile; fileRef = F573532C2B0F61470075DB60 /* CountryDetailViewModel.swift */; };
		F573532F2B0FA3730075DB60 /* ColorSchemeProxyTests.swift in Sources */ = {isa = PBXBuildFile; fileRef = F573532E2B0FA3730075DB60 /* ColorSchemeProxyTests.swift */; };
		F57353312B0FA5160075DB60 /* MockURLProtocol.swift in Sources */ = {isa = PBXBuildFile; fileRef = F57353302B0FA5160075DB60 /* MockURLProtocol.swift */; };
		F57353332B0FA6880075DB60 /* GetCountriesRequestTests.swift in Sources */ = {isa = PBXBuildFile; fileRef = F57353322B0FA6880075DB60 /* GetCountriesRequestTests.swift */; };
/* End PBXBuildFile section */

/* Begin PBXContainerItemProxy section */
		F57352E82B0D65EE0075DB60 /* PBXContainerItemProxy */ = {
			isa = PBXContainerItemProxy;
			containerPortal = F57352CF2B0D65EB0075DB60 /* Project object */;
			proxyType = 1;
			remoteGlobalIDString = F57352D62B0D65EB0075DB60;
			remoteInfo = "Bambuser-Test";
		};
		F57352F22B0D65EE0075DB60 /* PBXContainerItemProxy */ = {
			isa = PBXContainerItemProxy;
			containerPortal = F57352CF2B0D65EB0075DB60 /* Project object */;
			proxyType = 1;
			remoteGlobalIDString = F57352D62B0D65EB0075DB60;
			remoteInfo = "Bambuser-Test";
		};
/* End PBXContainerItemProxy section */

/* Begin PBXFileReference section */
		F57352D72B0D65EB0075DB60 /* Bambuser-Test.app */ = {isa = PBXFileReference; explicitFileType = wrapper.application; includeInIndex = 0; path = "Bambuser-Test.app"; sourceTree = BUILT_PRODUCTS_DIR; };
		F57352DA2B0D65EC0075DB60 /* Bambuser_TestApp.swift */ = {isa = PBXFileReference; lastKnownFileType = sourcecode.swift; path = Bambuser_TestApp.swift; sourceTree = "<group>"; };
		F57352DC2B0D65EC0075DB60 /* CountryListView.swift */ = {isa = PBXFileReference; lastKnownFileType = sourcecode.swift; path = CountryListView.swift; sourceTree = "<group>"; };
		F57352DE2B0D65EE0075DB60 /* Assets.xcassets */ = {isa = PBXFileReference; lastKnownFileType = folder.assetcatalog; path = Assets.xcassets; sourceTree = "<group>"; };
		F57352E12B0D65EE0075DB60 /* Preview Assets.xcassets */ = {isa = PBXFileReference; lastKnownFileType = folder.assetcatalog; path = "Preview Assets.xcassets"; sourceTree = "<group>"; };
		F57352E72B0D65EE0075DB60 /* Bambuser-TestTests.xctest */ = {isa = PBXFileReference; explicitFileType = wrapper.cfbundle; includeInIndex = 0; path = "Bambuser-TestTests.xctest"; sourceTree = BUILT_PRODUCTS_DIR; };
		F57352EB2B0D65EE0075DB60 /* CountryDetailViewModelTests.swift */ = {isa = PBXFileReference; lastKnownFileType = sourcecode.swift; path = CountryDetailViewModelTests.swift; sourceTree = "<group>"; };
		F57352F12B0D65EE0075DB60 /* Bambuser-TestUITests.xctest */ = {isa = PBXFileReference; explicitFileType = wrapper.cfbundle; includeInIndex = 0; path = "Bambuser-TestUITests.xctest"; sourceTree = BUILT_PRODUCTS_DIR; };
		F57352F52B0D65EE0075DB60 /* Bambuser_TestUITests.swift */ = {isa = PBXFileReference; lastKnownFileType = sourcecode.swift; path = Bambuser_TestUITests.swift; sourceTree = "<group>"; };
		F57352F72B0D65EE0075DB60 /* Bambuser_TestUITestsLaunchTests.swift */ = {isa = PBXFileReference; lastKnownFileType = sourcecode.swift; path = Bambuser_TestUITestsLaunchTests.swift; sourceTree = "<group>"; };
		F57353072B0D6E450075DB60 /* Endpoint.swift */ = {isa = PBXFileReference; lastKnownFileType = sourcecode.swift; path = Endpoint.swift; sourceTree = "<group>"; };
		F573530B2B0D6E530075DB60 /* Country.swift */ = {isa = PBXFileReference; lastKnownFileType = sourcecode.swift; path = Country.swift; sourceTree = "<group>"; };
		F573530D2B0D6E5D0075DB60 /* GetCountriesRequest.swift */ = {isa = PBXFileReference; lastKnownFileType = sourcecode.swift; path = GetCountriesRequest.swift; sourceTree = "<group>"; };
		F573530F2B0D6E600075DB60 /* HTTPMethod.swift */ = {isa = PBXFileReference; lastKnownFileType = sourcecode.swift; path = HTTPMethod.swift; sourceTree = "<group>"; };
		F57353112B0D6E630075DB60 /* NetworkService.swift */ = {isa = PBXFileReference; lastKnownFileType = sourcecode.swift; path = NetworkService.swift; sourceTree = "<group>"; };
		F57353132B0D6E670075DB60 /* RequestProtocol.swift */ = {isa = PBXFileReference; lastKnownFileType = sourcecode.swift; path = RequestProtocol.swift; sourceTree = "<group>"; };
		F57353152B0D6E750075DB60 /* Schemes.swift */ = {isa = PBXFileReference; lastKnownFileType = sourcecode.swift; path = Schemes.swift; sourceTree = "<group>"; };
		F57353172B0EC2380075DB60 /* CountryDetailView.swift */ = {isa = PBXFileReference; lastKnownFileType = sourcecode.swift; path = CountryDetailView.swift; sourceTree = "<group>"; };
		F57353192B0EC29A0075DB60 /* AsyncContentView.swift */ = {isa = PBXFileReference; lastKnownFileType = sourcecode.swift; path = AsyncContentView.swift; sourceTree = "<group>"; };
		F573531B2B0EC2D60075DB60 /* SortOptionView.swift */ = {isa = PBXFileReference; lastKnownFileType = sourcecode.swift; path = SortOptionView.swift; sourceTree = "<group>"; };
		F573531D2B0ECA210075DB60 /* CountryDetails.swift */ = {isa = PBXFileReference; lastKnownFileType = sourcecode.swift; path = CountryDetails.swift; sourceTree = "<group>"; };
		F57353212B0F27670075DB60 /* URLFactory.swift */ = {isa = PBXFileReference; lastKnownFileType = sourcecode.swift; path = URLFactory.swift; sourceTree = "<group>"; };
		F57353242B0F33900075DB60 /* ColorSchemeProxy.swift */ = {isa = PBXFileReference; lastKnownFileType = sourcecode.swift; path = ColorSchemeProxy.swift; sourceTree = "<group>"; };
		F573532A2B0F608A0075DB60 /* CountryListViewModel.swift */ = {isa = PBXFileReference; lastKnownFileType = sourcecode.swift; path = CountryListViewModel.swift; sourceTree = "<group>"; };
		F573532C2B0F61470075DB60 /* CountryDetailViewModel.swift */ = {isa = PBXFileReference; lastKnownFileType = sourcecode.swift; path = CountryDetailViewModel.swift; sourceTree = "<group>"; };
		F573532E2B0FA3730075DB60 /* ColorSchemeProxyTests.swift */ = {isa = PBXFileReference; lastKnownFileType = sourcecode.swift; path = ColorSchemeProxyTests.swift; sourceTree = "<group>"; };
		F57353302B0FA5160075DB60 /* MockURLProtocol.swift */ = {isa = PBXFileReference; lastKnownFileType = sourcecode.swift; path = MockURLProtocol.swift; sourceTree = "<group>"; };
		F57353322B0FA6880075DB60 /* GetCountriesRequestTests.swift */ = {isa = PBXFileReference; lastKnownFileType = sourcecode.swift; path = GetCountriesRequestTests.swift; sourceTree = "<group>"; };
/* End PBXFileReference section */

/* Begin PBXFrameworksBuildPhase section */
		F57352D42B0D65EB0075DB60 /* Frameworks */ = {
			isa = PBXFrameworksBuildPhase;
			buildActionMask = 2147483647;
			files = (
			);
			runOnlyForDeploymentPostprocessing = 0;
		};
		F57352E42B0D65EE0075DB60 /* Frameworks */ = {
			isa = PBXFrameworksBuildPhase;
			buildActionMask = 2147483647;
			files = (
			);
			runOnlyForDeploymentPostprocessing = 0;
		};
		F57352EE2B0D65EE0075DB60 /* Frameworks */ = {
			isa = PBXFrameworksBuildPhase;
			buildActionMask = 2147483647;
			files = (
			);
			runOnlyForDeploymentPostprocessing = 0;
		};
/* End PBXFrameworksBuildPhase section */

/* Begin PBXGroup section */
		F57352CE2B0D65EB0075DB60 = {
			isa = PBXGroup;
			children = (
				F57352D92B0D65EB0075DB60 /* Bambuser-Test */,
				F57352EA2B0D65EE0075DB60 /* Bambuser-TestTests */,
				F57352F42B0D65EE0075DB60 /* Bambuser-TestUITests */,
				F57352D82B0D65EB0075DB60 /* Products */,
			);
			sourceTree = "<group>";
		};
		F57352D82B0D65EB0075DB60 /* Products */ = {
			isa = PBXGroup;
			children = (
				F57352D72B0D65EB0075DB60 /* Bambuser-Test.app */,
				F57352E72B0D65EE0075DB60 /* Bambuser-TestTests.xctest */,
				F57352F12B0D65EE0075DB60 /* Bambuser-TestUITests.xctest */,
			);
			name = Products;
			sourceTree = "<group>";
		};
		F57352D92B0D65EB0075DB60 /* Bambuser-Test */ = {
			isa = PBXGroup;
			children = (
				F57353232B0F33740075DB60 /* Utilities */,
				F57353202B0F1BDF0075DB60 /* Network */,
				F573531F2B0F1BB00075DB60 /* Views */,
				F57352DA2B0D65EC0075DB60 /* Bambuser_TestApp.swift */,
				F57352DE2B0D65EE0075DB60 /* Assets.xcassets */,
				F57352E02B0D65EE0075DB60 /* Preview Content */,
			);
			path = "Bambuser-Test";
			sourceTree = "<group>";
		};
		F57352E02B0D65EE0075DB60 /* Preview Content */ = {
			isa = PBXGroup;
			children = (
				F57352E12B0D65EE0075DB60 /* Preview Assets.xcassets */,
			);
			path = "Preview Content";
			sourceTree = "<group>";
		};
		F57352EA2B0D65EE0075DB60 /* Bambuser-TestTests */ = {
			isa = PBXGroup;
			children = (
				F57352EB2B0D65EE0075DB60 /* CountryDetailViewModelTests.swift */,
				F573532E2B0FA3730075DB60 /* ColorSchemeProxyTests.swift */,
				F57353302B0FA5160075DB60 /* MockURLProtocol.swift */,
				F57353322B0FA6880075DB60 /* GetCountriesRequestTests.swift */,
			);
			path = "Bambuser-TestTests";
			sourceTree = "<group>";
		};
		F57352F42B0D65EE0075DB60 /* Bambuser-TestUITests */ = {
			isa = PBXGroup;
			children = (
				F57352F52B0D65EE0075DB60 /* Bambuser_TestUITests.swift */,
				F57352F72B0D65EE0075DB60 /* Bambuser_TestUITestsLaunchTests.swift */,
			);
			path = "Bambuser-TestUITests";
			sourceTree = "<group>";
		};
		F573531F2B0F1BB00075DB60 /* Views */ = {
			isa = PBXGroup;
			children = (
				F57353292B0F60770075DB60 /* ViewModels */,
				F57352DC2B0D65EC0075DB60 /* CountryListView.swift */,
				F57353172B0EC2380075DB60 /* CountryDetailView.swift */,
				F57353192B0EC29A0075DB60 /* AsyncContentView.swift */,
				F573531B2B0EC2D60075DB60 /* SortOptionView.swift */,
			);
			path = Views;
			sourceTree = "<group>";
		};
		F57353202B0F1BDF0075DB60 /* Network */ = {
			isa = PBXGroup;
			children = (
				F57353282B0F357E0075DB60 /* Models */,
				F57353262B0F34C00075DB60 /* Requests */,
				F57353112B0D6E630075DB60 /* NetworkService.swift */,
				F57353212B0F27670075DB60 /* URLFactory.swift */,
			);
			path = Network;
			sourceTree = "<group>";
		};
		F57353232B0F33740075DB60 /* Utilities */ = {
			isa = PBXGroup;
			children = (
				F57353242B0F33900075DB60 /* ColorSchemeProxy.swift */,
			);
			path = Utilities;
			sourceTree = "<group>";
		};
		F57353262B0F34C00075DB60 /* Requests */ = {
			isa = PBXGroup;
			children = (
				F57353272B0F35570075DB60 /* Endpoint */,
				F57353132B0D6E670075DB60 /* RequestProtocol.swift */,
				F573530D2B0D6E5D0075DB60 /* GetCountriesRequest.swift */,
			);
			path = Requests;
			sourceTree = "<group>";
		};
		F57353272B0F35570075DB60 /* Endpoint */ = {
			isa = PBXGroup;
			children = (
				F57353152B0D6E750075DB60 /* Schemes.swift */,
				F57353072B0D6E450075DB60 /* Endpoint.swift */,
				F573530F2B0D6E600075DB60 /* HTTPMethod.swift */,
			);
			path = Endpoint;
			sourceTree = "<group>";
		};
		F57353282B0F357E0075DB60 /* Models */ = {
			isa = PBXGroup;
			children = (
				F573531D2B0ECA210075DB60 /* CountryDetails.swift */,
				F573530B2B0D6E530075DB60 /* Country.swift */,
			);
			path = Models;
			sourceTree = "<group>";
		};
		F57353292B0F60770075DB60 /* ViewModels */ = {
			isa = PBXGroup;
			children = (
				F573532A2B0F608A0075DB60 /* CountryListViewModel.swift */,
				F573532C2B0F61470075DB60 /* CountryDetailViewModel.swift */,
			);
			path = ViewModels;
			sourceTree = "<group>";
		};
/* End PBXGroup section */

/* Begin PBXNativeTarget section */
		F57352D62B0D65EB0075DB60 /* Bambuser-Test */ = {
			isa = PBXNativeTarget;
			buildConfigurationList = F57352FB2B0D65EE0075DB60 /* Build configuration list for PBXNativeTarget "Bambuser-Test" */;
			buildPhases = (
				F57352D32B0D65EB0075DB60 /* Sources */,
				F57352D42B0D65EB0075DB60 /* Frameworks */,
				F57352D52B0D65EB0075DB60 /* Resources */,
			);
			buildRules = (
			);
			dependencies = (
			);
			name = "Bambuser-Test";
			productName = "Bambuser-Test";
			productReference = F57352D72B0D65EB0075DB60 /* Bambuser-Test.app */;
			productType = "com.apple.product-type.application";
		};
		F57352E62B0D65EE0075DB60 /* Bambuser-TestTests */ = {
			isa = PBXNativeTarget;
			buildConfigurationList = F57352FE2B0D65EE0075DB60 /* Build configuration list for PBXNativeTarget "Bambuser-TestTests" */;
			buildPhases = (
				F57352E32B0D65EE0075DB60 /* Sources */,
				F57352E42B0D65EE0075DB60 /* Frameworks */,
				F57352E52B0D65EE0075DB60 /* Resources */,
			);
			buildRules = (
			);
			dependencies = (
				F57352E92B0D65EE0075DB60 /* PBXTargetDependency */,
			);
			name = "Bambuser-TestTests";
			productName = "Bambuser-TestTests";
			productReference = F57352E72B0D65EE0075DB60 /* Bambuser-TestTests.xctest */;
			productType = "com.apple.product-type.bundle.unit-test";
		};
		F57352F02B0D65EE0075DB60 /* Bambuser-TestUITests */ = {
			isa = PBXNativeTarget;
			buildConfigurationList = F57353012B0D65EE0075DB60 /* Build configuration list for PBXNativeTarget "Bambuser-TestUITests" */;
			buildPhases = (
				F57352ED2B0D65EE0075DB60 /* Sources */,
				F57352EE2B0D65EE0075DB60 /* Frameworks */,
				F57352EF2B0D65EE0075DB60 /* Resources */,
			);
			buildRules = (
			);
			dependencies = (
				F57352F32B0D65EE0075DB60 /* PBXTargetDependency */,
			);
			name = "Bambuser-TestUITests";
			productName = "Bambuser-TestUITests";
			productReference = F57352F12B0D65EE0075DB60 /* Bambuser-TestUITests.xctest */;
			productType = "com.apple.product-type.bundle.ui-testing";
		};
/* End PBXNativeTarget section */

/* Begin PBXProject section */
		F57352CF2B0D65EB0075DB60 /* Project object */ = {
			isa = PBXProject;
			attributes = {
				BuildIndependentTargetsInParallel = 1;
				LastSwiftUpdateCheck = 1500;
				LastUpgradeCheck = 1500;
				TargetAttributes = {
					F57352D62B0D65EB0075DB60 = {
						CreatedOnToolsVersion = 15.0;
					};
					F57352E62B0D65EE0075DB60 = {
						CreatedOnToolsVersion = 15.0;
						TestTargetID = F57352D62B0D65EB0075DB60;
					};
					F57352F02B0D65EE0075DB60 = {
						CreatedOnToolsVersion = 15.0;
						TestTargetID = F57352D62B0D65EB0075DB60;
					};
				};
			};
			buildConfigurationList = F57352D22B0D65EB0075DB60 /* Build configuration list for PBXProject "Bambuser-Test" */;
			compatibilityVersion = "Xcode 14.0";
			developmentRegion = en;
			hasScannedForEncodings = 0;
			knownRegions = (
				en,
				Base,
			);
			mainGroup = F57352CE2B0D65EB0075DB60;
			productRefGroup = F57352D82B0D65EB0075DB60 /* Products */;
			projectDirPath = "";
			projectRoot = "";
			targets = (
				F57352D62B0D65EB0075DB60 /* Bambuser-Test */,
				F57352E62B0D65EE0075DB60 /* Bambuser-TestTests */,
				F57352F02B0D65EE0075DB60 /* Bambuser-TestUITests */,
			);
		};
/* End PBXProject section */

/* Begin PBXResourcesBuildPhase section */
		F57352D52B0D65EB0075DB60 /* Resources */ = {
			isa = PBXResourcesBuildPhase;
			buildActionMask = 2147483647;
			files = (
				F57352E22B0D65EE0075DB60 /* Preview Assets.xcassets in Resources */,
				F57352DF2B0D65EE0075DB60 /* Assets.xcassets in Resources */,
			);
			runOnlyForDeploymentPostprocessing = 0;
		};
		F57352E52B0D65EE0075DB60 /* Resources */ = {
			isa = PBXResourcesBuildPhase;
			buildActionMask = 2147483647;
			files = (
			);
			runOnlyForDeploymentPostprocessing = 0;
		};
		F57352EF2B0D65EE0075DB60 /* Resources */ = {
			isa = PBXResourcesBuildPhase;
			buildActionMask = 2147483647;
			files = (
			);
			runOnlyForDeploymentPostprocessing = 0;
		};
/* End PBXResourcesBuildPhase section */

/* Begin PBXSourcesBuildPhase section */
		F57352D32B0D65EB0075DB60 /* Sources */ = {
			isa = PBXSourcesBuildPhase;
			buildActionMask = 2147483647;
			files = (
				F57353142B0D6E670075DB60 /* RequestProtocol.swift in Sources */,
				F573531A2B0EC29A0075DB60 /* AsyncContentView.swift in Sources */,
				F57353252B0F33900075DB60 /* ColorSchemeProxy.swift in Sources */,
				F57353082B0D6E450075DB60 /* Endpoint.swift in Sources */,
				F57353122B0D6E630075DB60 /* NetworkService.swift in Sources */,
				F57353222B0F27670075DB60 /* URLFactory.swift in Sources */,
				F573532D2B0F61470075DB60 /* CountryDetailViewModel.swift in Sources */,
				F57353162B0D6E750075DB60 /* Schemes.swift in Sources */,
				F57353182B0EC2380075DB60 /* CountryDetailView.swift in Sources */,
				F57353102B0D6E600075DB60 /* HTTPMethod.swift in Sources */,
				F573531C2B0EC2D60075DB60 /* SortOptionView.swift in Sources */,
				F57352DD2B0D65EC0075DB60 /* CountryListView.swift in Sources */,
				F573532B2B0F608A0075DB60 /* CountryListViewModel.swift in Sources */,
				F573530C2B0D6E530075DB60 /* Country.swift in Sources */,
				F573530E2B0D6E5D0075DB60 /* GetCountriesRequest.swift in Sources */,
				F573531E2B0ECA210075DB60 /* CountryDetails.swift in Sources */,
				F57352DB2B0D65EC0075DB60 /* Bambuser_TestApp.swift in Sources */,
			);
			runOnlyForDeploymentPostprocessing = 0;
		};
		F57352E32B0D65EE0075DB60 /* Sources */ = {
			isa = PBXSourcesBuildPhase;
			buildActionMask = 2147483647;
			files = (
				F57353312B0FA5160075DB60 /* MockURLProtocol.swift in Sources */,
				F57353332B0FA6880075DB60 /* GetCountriesRequestTests.swift in Sources */,
				F57352EC2B0D65EE0075DB60 /* CountryDetailViewModelTests.swift in Sources */,
				F573532F2B0FA3730075DB60 /* ColorSchemeProxyTests.swift in Sources */,
			);
			runOnlyForDeploymentPostprocessing = 0;
		};
		F57352ED2B0D65EE0075DB60 /* Sources */ = {
			isa = PBXSourcesBuildPhase;
			buildActionMask = 2147483647;
			files = (
				F57352F62B0D65EE0075DB60 /* Bambuser_TestUITests.swift in Sources */,
				F57352F82B0D65EE0075DB60 /* Bambuser_TestUITestsLaunchTests.swift in Sources */,
			);
			runOnlyForDeploymentPostprocessing = 0;
		};
/* End PBXSourcesBuildPhase section */

/* Begin PBXTargetDependency section */
		F57352E92B0D65EE0075DB60 /* PBXTargetDependency */ = {
			isa = PBXTargetDependency;
			target = F57352D62B0D65EB0075DB60 /* Bambuser-Test */;
			targetProxy = F57352E82B0D65EE0075DB60 /* PBXContainerItemProxy */;
		};
		F57352F32B0D65EE0075DB60 /* PBXTargetDependency */ = {
			isa = PBXTargetDependency;
			target = F57352D62B0D65EB0075DB60 /* Bambuser-Test */;
			targetProxy = F57352F22B0D65EE0075DB60 /* PBXContainerItemProxy */;
		};
/* End PBXTargetDependency section */

/* Begin XCBuildConfiguration section */
		F57352F92B0D65EE0075DB60 /* Debug */ = {
			isa = XCBuildConfiguration;
			buildSettings = {
				ALWAYS_SEARCH_USER_PATHS = NO;
				ASSETCATALOG_COMPILER_GENERATE_SWIFT_ASSET_SYMBOL_EXTENSIONS = YES;
				CLANG_ANALYZER_NONNULL = YES;
				CLANG_ANALYZER_NUMBER_OBJECT_CONVERSION = YES_AGGRESSIVE;
				CLANG_CXX_LANGUAGE_STANDARD = "gnu++20";
				CLANG_ENABLE_MODULES = YES;
				CLANG_ENABLE_OBJC_ARC = YES;
				CLANG_ENABLE_OBJC_WEAK = YES;
				CLANG_WARN_BLOCK_CAPTURE_AUTORELEASING = YES;
				CLANG_WARN_BOOL_CONVERSION = YES;
				CLANG_WARN_COMMA = YES;
				CLANG_WARN_CONSTANT_CONVERSION = YES;
				CLANG_WARN_DEPRECATED_OBJC_IMPLEMENTATIONS = YES;
				CLANG_WARN_DIRECT_OBJC_ISA_USAGE = YES_ERROR;
				CLANG_WARN_DOCUMENTATION_COMMENTS = YES;
				CLANG_WARN_EMPTY_BODY = YES;
				CLANG_WARN_ENUM_CONVERSION = YES;
				CLANG_WARN_INFINITE_RECURSION = YES;
				CLANG_WARN_INT_CONVERSION = YES;
				CLANG_WARN_NON_LITERAL_NULL_CONVERSION = YES;
				CLANG_WARN_OBJC_IMPLICIT_RETAIN_SELF = YES;
				CLANG_WARN_OBJC_LITERAL_CONVERSION = YES;
				CLANG_WARN_OBJC_ROOT_CLASS = YES_ERROR;
				CLANG_WARN_QUOTED_INCLUDE_IN_FRAMEWORK_HEADER = YES;
				CLANG_WARN_RANGE_LOOP_ANALYSIS = YES;
				CLANG_WARN_STRICT_PROTOTYPES = YES;
				CLANG_WARN_SUSPICIOUS_MOVE = YES;
				CLANG_WARN_UNGUARDED_AVAILABILITY = YES_AGGRESSIVE;
				CLANG_WARN_UNREACHABLE_CODE = YES;
				CLANG_WARN__DUPLICATE_METHOD_MATCH = YES;
				COPY_PHASE_STRIP = NO;
				DEBUG_INFORMATION_FORMAT = dwarf;
				ENABLE_STRICT_OBJC_MSGSEND = YES;
				ENABLE_TESTABILITY = YES;
				ENABLE_USER_SCRIPT_SANDBOXING = YES;
				GCC_C_LANGUAGE_STANDARD = gnu17;
				GCC_DYNAMIC_NO_PIC = NO;
				GCC_NO_COMMON_BLOCKS = YES;
				GCC_OPTIMIZATION_LEVEL = 0;
				GCC_PREPROCESSOR_DEFINITIONS = (
					"DEBUG=1",
					"$(inherited)",
				);
				GCC_WARN_64_TO_32_BIT_CONVERSION = YES;
				GCC_WARN_ABOUT_RETURN_TYPE = YES_ERROR;
				GCC_WARN_UNDECLARED_SELECTOR = YES;
				GCC_WARN_UNINITIALIZED_AUTOS = YES_AGGRESSIVE;
				GCC_WARN_UNUSED_FUNCTION = YES;
				GCC_WARN_UNUSED_VARIABLE = YES;
				IPHONEOS_DEPLOYMENT_TARGET = 17.0;
				LOCALIZATION_PREFERS_STRING_CATALOGS = YES;
				MTL_ENABLE_DEBUG_INFO = INCLUDE_SOURCE;
				MTL_FAST_MATH = YES;
				ONLY_ACTIVE_ARCH = YES;
				SDKROOT = iphoneos;
				SWIFT_ACTIVE_COMPILATION_CONDITIONS = "DEBUG $(inherited)";
				SWIFT_OPTIMIZATION_LEVEL = "-Onone";
			};
			name = Debug;
		};
		F57352FA2B0D65EE0075DB60 /* Release */ = {
			isa = XCBuildConfiguration;
			buildSettings = {
				ALWAYS_SEARCH_USER_PATHS = NO;
				ASSETCATALOG_COMPILER_GENERATE_SWIFT_ASSET_SYMBOL_EXTENSIONS = YES;
				CLANG_ANALYZER_NONNULL = YES;
				CLANG_ANALYZER_NUMBER_OBJECT_CONVERSION = YES_AGGRESSIVE;
				CLANG_CXX_LANGUAGE_STANDARD = "gnu++20";
				CLANG_ENABLE_MODULES = YES;
				CLANG_ENABLE_OBJC_ARC = YES;
				CLANG_ENABLE_OBJC_WEAK = YES;
				CLANG_WARN_BLOCK_CAPTURE_AUTORELEASING = YES;
				CLANG_WARN_BOOL_CONVERSION = YES;
				CLANG_WARN_COMMA = YES;
				CLANG_WARN_CONSTANT_CONVERSION = YES;
				CLANG_WARN_DEPRECATED_OBJC_IMPLEMENTATIONS = YES;
				CLANG_WARN_DIRECT_OBJC_ISA_USAGE = YES_ERROR;
				CLANG_WARN_DOCUMENTATION_COMMENTS = YES;
				CLANG_WARN_EMPTY_BODY = YES;
				CLANG_WARN_ENUM_CONVERSION = YES;
				CLANG_WARN_INFINITE_RECURSION = YES;
				CLANG_WARN_INT_CONVERSION = YES;
				CLANG_WARN_NON_LITERAL_NULL_CONVERSION = YES;
				CLANG_WARN_OBJC_IMPLICIT_RETAIN_SELF = YES;
				CLANG_WARN_OBJC_LITERAL_CONVERSION = YES;
				CLANG_WARN_OBJC_ROOT_CLASS = YES_ERROR;
				CLANG_WARN_QUOTED_INCLUDE_IN_FRAMEWORK_HEADER = YES;
				CLANG_WARN_RANGE_LOOP_ANALYSIS = YES;
				CLANG_WARN_STRICT_PROTOTYPES = YES;
				CLANG_WARN_SUSPICIOUS_MOVE = YES;
				CLANG_WARN_UNGUARDED_AVAILABILITY = YES_AGGRESSIVE;
				CLANG_WARN_UNREACHABLE_CODE = YES;
				CLANG_WARN__DUPLICATE_METHOD_MATCH = YES;
				COPY_PHASE_STRIP = NO;
				DEBUG_INFORMATION_FORMAT = "dwarf-with-dsym";
				ENABLE_NS_ASSERTIONS = NO;
				ENABLE_STRICT_OBJC_MSGSEND = YES;
				ENABLE_USER_SCRIPT_SANDBOXING = YES;
				GCC_C_LANGUAGE_STANDARD = gnu17;
				GCC_NO_COMMON_BLOCKS = YES;
				GCC_WARN_64_TO_32_BIT_CONVERSION = YES;
				GCC_WARN_ABOUT_RETURN_TYPE = YES_ERROR;
				GCC_WARN_UNDECLARED_SELECTOR = YES;
				GCC_WARN_UNINITIALIZED_AUTOS = YES_AGGRESSIVE;
				GCC_WARN_UNUSED_FUNCTION = YES;
				GCC_WARN_UNUSED_VARIABLE = YES;
				IPHONEOS_DEPLOYMENT_TARGET = 17.0;
				LOCALIZATION_PREFERS_STRING_CATALOGS = YES;
				MTL_ENABLE_DEBUG_INFO = NO;
				MTL_FAST_MATH = YES;
				SDKROOT = iphoneos;
				SWIFT_COMPILATION_MODE = wholemodule;
				VALIDATE_PRODUCT = YES;
			};
			name = Release;
		};
		F57352FC2B0D65EE0075DB60 /* Debug */ = {
			isa = XCBuildConfiguration;
			buildSettings = {
				ASSETCATALOG_COMPILER_APPICON_NAME = AppIcon;
				ASSETCATALOG_COMPILER_GLOBAL_ACCENT_COLOR_NAME = AccentColor;
				CODE_SIGN_STYLE = Automatic;
				CURRENT_PROJECT_VERSION = 1;
				DEVELOPMENT_ASSET_PATHS = "\"Bambuser-Test/Preview Content\"";
				DEVELOPMENT_TEAM = F2882L3WU5;
				ENABLE_PREVIEWS = YES;
				GENERATE_INFOPLIST_FILE = YES;
				INFOPLIST_KEY_UIApplicationSceneManifest_Generation = YES;
				INFOPLIST_KEY_UIApplicationSupportsIndirectInputEvents = YES;
				INFOPLIST_KEY_UILaunchScreen_Generation = YES;
				INFOPLIST_KEY_UISupportedInterfaceOrientations_iPad = "UIInterfaceOrientationPortrait UIInterfaceOrientationPortraitUpsideDown UIInterfaceOrientationLandscapeLeft UIInterfaceOrientationLandscapeRight";
				INFOPLIST_KEY_UISupportedInterfaceOrientations_iPhone = "UIInterfaceOrientationPortrait UIInterfaceOrientationLandscapeLeft UIInterfaceOrientationLandscapeRight";
				IPHONEOS_DEPLOYMENT_TARGET = 16.0;
				LD_RUNPATH_SEARCH_PATHS = (
					"$(inherited)",
					"@executable_path/Frameworks",
				);
				MARKETING_VERSION = 1.0;
				PRODUCT_BUNDLE_IDENTIFIER = "com.pathos.bambuser-test.Bambuser-Test";
				PRODUCT_NAME = "$(TARGET_NAME)";
				SWIFT_EMIT_LOC_STRINGS = YES;
				SWIFT_VERSION = 5.0;
				TARGETED_DEVICE_FAMILY = "1,2";
			};
			name = Debug;
		};
		F57352FD2B0D65EE0075DB60 /* Release */ = {
			isa = XCBuildConfiguration;
			buildSettings = {
				ASSETCATALOG_COMPILER_APPICON_NAME = AppIcon;
				ASSETCATALOG_COMPILER_GLOBAL_ACCENT_COLOR_NAME = AccentColor;
				CODE_SIGN_STYLE = Automatic;
				CURRENT_PROJECT_VERSION = 1;
				DEVELOPMENT_ASSET_PATHS = "\"Bambuser-Test/Preview Content\"";
				DEVELOPMENT_TEAM = F2882L3WU5;
				ENABLE_PREVIEWS = YES;
				GENERATE_INFOPLIST_FILE = YES;
				INFOPLIST_KEY_UIApplicationSceneManifest_Generation = YES;
				INFOPLIST_KEY_UIApplicationSupportsIndirectInputEvents = YES;
				INFOPLIST_KEY_UILaunchScreen_Generation = YES;
				INFOPLIST_KEY_UISupportedInterfaceOrientations_iPad = "UIInterfaceOrientationPortrait UIInterfaceOrientationPortraitUpsideDown UIInterfaceOrientationLandscapeLeft UIInterfaceOrientationLandscapeRight";
				INFOPLIST_KEY_UISupportedInterfaceOrientations_iPhone = "UIInterfaceOrientationPortrait UIInterfaceOrientationLandscapeLeft UIInterfaceOrientationLandscapeRight";
				IPHONEOS_DEPLOYMENT_TARGET = 16.0;
				LD_RUNPATH_SEARCH_PATHS = (
					"$(inherited)",
					"@executable_path/Frameworks",
				);
				MARKETING_VERSION = 1.0;
				PRODUCT_BUNDLE_IDENTIFIER = "com.pathos.bambuser-test.Bambuser-Test";
				PRODUCT_NAME = "$(TARGET_NAME)";
				SWIFT_EMIT_LOC_STRINGS = YES;
				SWIFT_VERSION = 5.0;
				TARGETED_DEVICE_FAMILY = "1,2";
			};
			name = Release;
		};
		F57352FF2B0D65EE0075DB60 /* Debug */ = {
			isa = XCBuildConfiguration;
			buildSettings = {
				ALWAYS_EMBED_SWIFT_STANDARD_LIBRARIES = YES;
				BUNDLE_LOADER = "$(TEST_HOST)";
				CODE_SIGN_STYLE = Automatic;
				CURRENT_PROJECT_VERSION = 1;
				DEVELOPMENT_TEAM = F2882L3WU5;
				GENERATE_INFOPLIST_FILE = YES;
				IPHONEOS_DEPLOYMENT_TARGET = 17.0;
				MARKETING_VERSION = 1.0;
				PRODUCT_BUNDLE_IDENTIFIER = "com.pathos.bambuser-test.Bambuser-TestTests";
				PRODUCT_NAME = "$(TARGET_NAME)";
				SWIFT_EMIT_LOC_STRINGS = NO;
				SWIFT_VERSION = 5.0;
				TARGETED_DEVICE_FAMILY = "1,2";
				TEST_HOST = "$(BUILT_PRODUCTS_DIR)/Bambuser-Test.app/$(BUNDLE_EXECUTABLE_FOLDER_PATH)/Bambuser-Test";
			};
			name = Debug;
		};
		F57353002B0D65EE0075DB60 /* Release */ = {
			isa = XCBuildConfiguration;
			buildSettings = {
				ALWAYS_EMBED_SWIFT_STANDARD_LIBRARIES = YES;
				BUNDLE_LOADER = "$(TEST_HOST)";
				CODE_SIGN_STYLE = Automatic;
				CURRENT_PROJECT_VERSION = 1;
				DEVELOPMENT_TEAM = F2882L3WU5;
				GENERATE_INFOPLIST_FILE = YES;
				IPHONEOS_DEPLOYMENT_TARGET = 17.0;
				MARKETING_VERSION = 1.0;
				PRODUCT_BUNDLE_IDENTIFIER = "com.pathos.bambuser-test.Bambuser-TestTests";
				PRODUCT_NAME = "$(TARGET_NAME)";
				SWIFT_EMIT_LOC_STRINGS = NO;
				SWIFT_VERSION = 5.0;
				TARGETED_DEVICE_FAMILY = "1,2";
				TEST_HOST = "$(BUILT_PRODUCTS_DIR)/Bambuser-Test.app/$(BUNDLE_EXECUTABLE_FOLDER_PATH)/Bambuser-Test";
			};
			name = Release;
		};
		F57353022B0D65EE0075DB60 /* Debug */ = {
			isa = XCBuildConfiguration;
			buildSettings = {
				ALWAYS_EMBED_SWIFT_STANDARD_LIBRARIES = YES;
				CODE_SIGN_STYLE = Automatic;
				CURRENT_PROJECT_VERSION = 1;
				DEVELOPMENT_TEAM = F2882L3WU5;
				GENERATE_INFOPLIST_FILE = YES;
				MARKETING_VERSION = 1.0;
				PRODUCT_BUNDLE_IDENTIFIER = "com.pathos.bambuser-test.Bambuser-TestUITests";
				PRODUCT_NAME = "$(TARGET_NAME)";
				SWIFT_EMIT_LOC_STRINGS = NO;
				SWIFT_VERSION = 5.0;
				TARGETED_DEVICE_FAMILY = "1,2";
				TEST_TARGET_NAME = "Bambuser-Test";
			};
			name = Debug;
		};
		F57353032B0D65EE0075DB60 /* Release */ = {
			isa = XCBuildConfiguration;
			buildSettings = {
				ALWAYS_EMBED_SWIFT_STANDARD_LIBRARIES = YES;
				CODE_SIGN_STYLE = Automatic;
				CURRENT_PROJECT_VERSION = 1;
				DEVELOPMENT_TEAM = F2882L3WU5;
				GENERATE_INFOPLIST_FILE = YES;
				MARKETING_VERSION = 1.0;
				PRODUCT_BUNDLE_IDENTIFIER = "com.pathos.bambuser-test.Bambuser-TestUITests";
				PRODUCT_NAME = "$(TARGET_NAME)";
				SWIFT_EMIT_LOC_STRINGS = NO;
				SWIFT_VERSION = 5.0;
				TARGETED_DEVICE_FAMILY = "1,2";
				TEST_TARGET_NAME = "Bambuser-Test";
			};
			name = Release;
		};
/* End XCBuildConfiguration section */

/* Begin XCConfigurationList section */
		F57352D22B0D65EB0075DB60 /* Build configuration list for PBXProject "Bambuser-Test" */ = {
			isa = XCConfigurationList;
			buildConfigurations = (
				F57352F92B0D65EE0075DB60 /* Debug */,
				F57352FA2B0D65EE0075DB60 /* Release */,
			);
			defaultConfigurationIsVisible = 0;
			defaultConfigurationName = Release;
		};
		F57352FB2B0D65EE0075DB60 /* Build configuration list for PBXNativeTarget "Bambuser-Test" */ = {
			isa = XCConfigurationList;
			buildConfigurations = (
				F57352FC2B0D65EE0075DB60 /* Debug */,
				F57352FD2B0D65EE0075DB60 /* Release */,
			);
			defaultConfigurationIsVisible = 0;
			defaultConfigurationName = Release;
		};
		F57352FE2B0D65EE0075DB60 /* Build configuration list for PBXNativeTarget "Bambuser-TestTests" */ = {
			isa = XCConfigurationList;
			buildConfigurations = (
				F57352FF2B0D65EE0075DB60 /* Debug */,
				F57353002B0D65EE0075DB60 /* Release */,
			);
			defaultConfigurationIsVisible = 0;
			defaultConfigurationName = Release;
		};
		F57353012B0D65EE0075DB60 /* Build configuration list for PBXNativeTarget "Bambuser-TestUITests" */ = {
			isa = XCConfigurationList;
			buildConfigurations = (
				F57353022B0D65EE0075DB60 /* Debug */,
				F57353032B0D65EE0075DB60 /* Release */,
			);
			defaultConfigurationIsVisible = 0;
			defaultConfigurationName = Release;
		};
/* End XCConfigurationList section */
	};
	rootObject = F57352CF2B0D65EB0075DB60 /* Project object */;
}
